// !$*UTF8*$!
{
	archiveVersion = 1;
	classes = {
	};
	objectVersion = 46;
	objects = {

/* Begin PBXBuildFile section */
		560F55EE1D2FAB1D00A8AB15 /* XMLDictionary.m in Sources */ = {isa = PBXBuildFile; fileRef = 560F55ED1D2FAB1D00A8AB15 /* XMLDictionary.m */; };
		568BE10E1D2F4CCF0003DB3E /* main.m in Sources */ = {isa = PBXBuildFile; fileRef = 568BE10D1D2F4CCF0003DB3E /* main.m */; };
		568BE1111D2F4CCF0003DB3E /* AppDelegate.m in Sources */ = {isa = PBXBuildFile; fileRef = 568BE1101D2F4CCF0003DB3E /* AppDelegate.m */; };
		568BE1141D2F4CCF0003DB3E /* ViewController.m in Sources */ = {isa = PBXBuildFile; fileRef = 568BE1131D2F4CCF0003DB3E /* ViewController.m */; };
		568BE1171D2F4CCF0003DB3E /* Main.storyboard in Resources */ = {isa = PBXBuildFile; fileRef = 568BE1151D2F4CCF0003DB3E /* Main.storyboard */; };
		568BE1191D2F4CCF0003DB3E /* Assets.xcassets in Resources */ = {isa = PBXBuildFile; fileRef = 568BE1181D2F4CCF0003DB3E /* Assets.xcassets */; };
		568BE11C1D2F4CCF0003DB3E /* LaunchScreen.storyboard in Resources */ = {isa = PBXBuildFile; fileRef = 568BE11A1D2F4CCF0003DB3E /* LaunchScreen.storyboard */; };
		568BE1251D2F4EA40003DB3E /* JFAreaPicker.m in Sources */ = {isa = PBXBuildFile; fileRef = 568BE1241D2F4EA40003DB3E /* JFAreaPicker.m */; };
		568BE1281D2F4F3C0003DB3E /* city.xml in Resources */ = {isa = PBXBuildFile; fileRef = 568BE1261D2F4F3C0003DB3E /* city.xml */; };
		568BE1291D2F4F3C0003DB3E /* country.xml in Resources */ = {isa = PBXBuildFile; fileRef = 568BE1271D2F4F3C0003DB3E /* country.xml */; };
		568BE12B1D2F4F4D0003DB3E /* province.xml in Resources */ = {isa = PBXBuildFile; fileRef = 568BE12A1D2F4F4D0003DB3E /* province.xml */; };
		568BE12E1D2F56B90003DB3E /* UIColor+SetColor.m in Sources */ = {isa = PBXBuildFile; fileRef = 568BE12D1D2F56B90003DB3E /* UIColor+SetColor.m */; };
		56B85F801D33793500B5CF95 /* JFDatePicker.m in Sources */ = {isa = PBXBuildFile; fileRef = 56B85F7F1D33793500B5CF95 /* JFDatePicker.m */; };
/* End PBXBuildFile section */

/* Begin PBXFileReference section */
		560F55EC1D2FAB1D00A8AB15 /* XMLDictionary.h */ = {isa = PBXFileReference; fileEncoding = 4; lastKnownFileType = sourcecode.c.h; path = XMLDictionary.h; sourceTree = "<group>"; };
		560F55ED1D2FAB1D00A8AB15 /* XMLDictionary.m */ = {isa = PBXFileReference; fileEncoding = 4; lastKnownFileType = sourcecode.c.objc; path = XMLDictionary.m; sourceTree = "<group>"; };
		568BE1091D2F4CCF0003DB3E /* JFAreaPicker.app */ = {isa = PBXFileReference; explicitFileType = wrapper.application; includeInIndex = 0; path = JFAreaPicker.app; sourceTree = BUILT_PRODUCTS_DIR; };
		568BE10D1D2F4CCF0003DB3E /* main.m */ = {isa = PBXFileReference; lastKnownFileType = sourcecode.c.objc; path = main.m; sourceTree = "<group>"; };
		568BE10F1D2F4CCF0003DB3E /* AppDelegate.h */ = {isa = PBXFileReference; lastKnownFileType = sourcecode.c.h; path = AppDelegate.h; sourceTree = "<group>"; };
		568BE1101D2F4CCF0003DB3E /* AppDelegate.m */ = {isa = PBXFileReference; lastKnownFileType = sourcecode.c.objc; path = AppDelegate.m; sourceTree = "<group>"; };
		568BE1121D2F4CCF0003DB3E /* ViewController.h */ = {isa = PBXFileReference; lastKnownFileType = sourcecode.c.h; path = ViewController.h; sourceTree = "<group>"; };
		568BE1131D2F4CCF0003DB3E /* ViewController.m */ = {isa = PBXFileReference; lastKnownFileType = sourcecode.c.objc; path = ViewController.m; sourceTree = "<group>"; };
		568BE1161D2F4CCF0003DB3E /* Base */ = {isa = PBXFileReference; lastKnownFileType = file.storyboard; name = Base; path = Base.lproj/Main.storyboard; sourceTree = "<group>"; };
		568BE1181D2F4CCF0003DB3E /* Assets.xcassets */ = {isa = PBXFileReference; lastKnownFileType = folder.assetcatalog; path = Assets.xcassets; sourceTree = "<group>"; };
		568BE11B1D2F4CCF0003DB3E /* Base */ = {isa = PBXFileReference; lastKnownFileType = file.storyboard; name = Base; path = Base.lproj/LaunchScreen.storyboard; sourceTree = "<group>"; };
		568BE11D1D2F4CCF0003DB3E /* Info.plist */ = {isa = PBXFileReference; lastKnownFileType = text.plist.xml; path = Info.plist; sourceTree = "<group>"; };
		568BE1231D2F4EA40003DB3E /* JFAreaPicker.h */ = {isa = PBXFileReference; fileEncoding = 4; lastKnownFileType = sourcecode.c.h; path = JFAreaPicker.h; sourceTree = "<group>"; };
		568BE1241D2F4EA40003DB3E /* JFAreaPicker.m */ = {isa = PBXFileReference; fileEncoding = 4; lastKnownFileType = sourcecode.c.objc; path = JFAreaPicker.m; sourceTree = "<group>"; };
		568BE1261D2F4F3C0003DB3E /* city.xml */ = {isa = PBXFileReference; fileEncoding = 4; lastKnownFileType = text.xml; path = city.xml; sourceTree = "<group>"; };
		568BE1271D2F4F3C0003DB3E /* country.xml */ = {isa = PBXFileReference; fileEncoding = 4; lastKnownFileType = text.xml; path = country.xml; sourceTree = "<group>"; };
		568BE12A1D2F4F4D0003DB3E /* province.xml */ = {isa = PBXFileReference; fileEncoding = 4; lastKnownFileType = text.xml; path = province.xml; sourceTree = "<group>"; };
		568BE12C1D2F56B90003DB3E /* UIColor+SetColor.h */ = {isa = PBXFileReference; fileEncoding = 4; lastKnownFileType = sourcecode.c.h; path = "UIColor+SetColor.h"; sourceTree = "<group>"; };
		568BE12D1D2F56B90003DB3E /* UIColor+SetColor.m */ = {isa = PBXFileReference; fileEncoding = 4; lastKnownFileType = sourcecode.c.objc; path = "UIColor+SetColor.m"; sourceTree = "<group>"; };
		56B85F7E1D33793500B5CF95 /* JFDatePicker.h */ = {isa = PBXFileReference; fileEncoding = 4; lastKnownFileType = sourcecode.c.h; path = JFDatePicker.h; sourceTree = "<group>"; };
		56B85F7F1D33793500B5CF95 /* JFDatePicker.m */ = {isa = PBXFileReference; fileEncoding = 4; lastKnownFileType = sourcecode.c.objc; path = JFDatePicker.m; sourceTree = "<group>"; };
/* End PBXFileReference section */

/* Begin PBXFrameworksBuildPhase section */
		568BE1061D2F4CCF0003DB3E /* Frameworks */ = {
			isa = PBXFrameworksBuildPhase;
			buildActionMask = 2147483647;
			files = (
			);
			runOnlyForDeploymentPostprocessing = 0;
		};
/* End PBXFrameworksBuildPhase section */

/* Begin PBXGroup section */
		568BE1001D2F4CCF0003DB3E = {
			isa = PBXGroup;
			children = (
				568BE10B1D2F4CCF0003DB3E /* JFAreaPicker */,
				568BE10A1D2F4CCF0003DB3E /* Products */,
			);
			sourceTree = "<group>";
		};
		568BE10A1D2F4CCF0003DB3E /* Products */ = {
			isa = PBXGroup;
			children = (
				568BE1091D2F4CCF0003DB3E /* JFAreaPicker.app */,
			);
			name = Products;
			sourceTree = "<group>";
		};
		568BE10B1D2F4CCF0003DB3E /* JFAreaPicker */ = {
			isa = PBXGroup;
			children = (
				568BE10F1D2F4CCF0003DB3E /* AppDelegate.h */,
				568BE1101D2F4CCF0003DB3E /* AppDelegate.m */,
				568BE1121D2F4CCF0003DB3E /* ViewController.h */,
				568BE1131D2F4CCF0003DB3E /* ViewController.m */,
				568BE1151D2F4CCF0003DB3E /* Main.storyboard */,
				568BE1181D2F4CCF0003DB3E /* Assets.xcassets */,
				568BE11A1D2F4CCF0003DB3E /* LaunchScreen.storyboard */,
				568BE11D1D2F4CCF0003DB3E /* Info.plist */,
				56BB43DC1D34CC4400BA556D /* DatePicker(日期选择) */,
				56BB43DB1D34CC3400BA556D /* AreaPicker(地区选择) */,
				568BE10C1D2F4CCF0003DB3E /* Supporting Files */,
			);
			path = JFAreaPicker;
			sourceTree = "<group>";
		};
		568BE10C1D2F4CCF0003DB3E /* Supporting Files */ = {
			isa = PBXGroup;
			children = (
				568BE12C1D2F56B90003DB3E /* UIColor+SetColor.h */,
				568BE12D1D2F56B90003DB3E /* UIColor+SetColor.m */,
				560F55EC1D2FAB1D00A8AB15 /* XMLDictionary.h */,
				560F55ED1D2FAB1D00A8AB15 /* XMLDictionary.m */,
				568BE10D1D2F4CCF0003DB3E /* main.m */,
			);
			name = "Supporting Files";
			sourceTree = "<group>";
		};
		56BB43DB1D34CC3400BA556D /* AreaPicker(地区选择) */ = {
			isa = PBXGroup;
			children = (
				568BE1231D2F4EA40003DB3E /* JFAreaPicker.h */,
				568BE1241D2F4EA40003DB3E /* JFAreaPicker.m */,
				568BE1261D2F4F3C0003DB3E /* city.xml */,
				568BE1271D2F4F3C0003DB3E /* country.xml */,
				568BE12A1D2F4F4D0003DB3E /* province.xml */,
			);
			name = "AreaPicker(地区选择)";
			sourceTree = "<group>";
		};
		56BB43DC1D34CC4400BA556D /* DatePicker(日期选择) */ = {
			isa = PBXGroup;
			children = (
				56B85F7E1D33793500B5CF95 /* JFDatePicker.h */,
				56B85F7F1D33793500B5CF95 /* JFDatePicker.m */,
			);
			name = "DatePicker(日期选择)";
			sourceTree = "<group>";
		};
/* End PBXGroup section */

/* Begin PBXNativeTarget section */
		568BE1081D2F4CCF0003DB3E /* JFAreaPicker */ = {
			isa = PBXNativeTarget;
			buildConfigurationList = 568BE1201D2F4CCF0003DB3E /* Build configuration list for PBXNativeTarget "JFAreaPicker" */;
			buildPhases = (
				568BE1051D2F4CCF0003DB3E /* Sources */,
				568BE1061D2F4CCF0003DB3E /* Frameworks */,
				568BE1071D2F4CCF0003DB3E /* Resources */,
			);
			buildRules = (
			);
			dependencies = (
			);
			name = JFAreaPicker;
			productName = JFAreaPicker;
			productReference = 568BE1091D2F4CCF0003DB3E /* JFAreaPicker.app */;
			productType = "com.apple.product-type.application";
		};
/* End PBXNativeTarget section */

/* Begin PBXProject section */
		568BE1011D2F4CCF0003DB3E /* Project object */ = {
			isa = PBXProject;
			attributes = {
				LastUpgradeCheck = 0730;
				ORGANIZATIONNAME = "汪继峰";
				TargetAttributes = {
					568BE1081D2F4CCF0003DB3E = {
						CreatedOnToolsVersion = 7.3;
					};
				};
			};
			buildConfigurationList = 568BE1041D2F4CCF0003DB3E /* Build configuration list for PBXProject "JFAreaPicker" */;
			compatibilityVersion = "Xcode 3.2";
			developmentRegion = English;
			hasScannedForEncodings = 0;
			knownRegions = (
				en,
				Base,
			);
			mainGroup = 568BE1001D2F4CCF0003DB3E;
			productRefGroup = 568BE10A1D2F4CCF0003DB3E /* Products */;
			projectDirPath = "";
			projectRoot = "";
			targets = (
				568BE1081D2F4CCF0003DB3E /* JFAreaPicker */,
			);
		};
/* End PBXProject section */

/* Begin PBXResourcesBuildPhase section */
		568BE1071D2F4CCF0003DB3E /* Resources */ = {
			isa = PBXResourcesBuildPhase;
			buildActionMask = 2147483647;
			files = (
				568BE1281D2F4F3C0003DB3E /* city.xml in Resources */,
				568BE11C1D2F4CCF0003DB3E /* LaunchScreen.storyboard in Resources */,
				568BE1291D2F4F3C0003DB3E /* country.xml in Resources */,
				568BE1191D2F4CCF0003DB3E /* Assets.xcassets in Resources */,
				568BE1171D2F4CCF0003DB3E /* Main.storyboard in Resources */,
				568BE12B1D2F4F4D0003DB3E /* province.xml in Resources */,
			);
			runOnlyForDeploymentPostprocessing = 0;
		};
/* End PBXResourcesBuildPhase section */

/* Begin PBXSourcesBuildPhase section */
		568BE1051D2F4CCF0003DB3E /* Sources */ = {
			isa = PBXSourcesBuildPhase;
			buildActionMask = 2147483647;
			files = (
				568BE12E1D2F56B90003DB3E /* UIColor+SetColor.m in Sources */,
				568BE1251D2F4EA40003DB3E /* JFAreaPicker.m in Sources */,
				568BE1141D2F4CCF0003DB3E /* ViewController.m in Sources */,
				568BE1111D2F4CCF0003DB3E /* AppDelegate.m in Sources */,
				568BE10E1D2F4CCF0003DB3E /* main.m in Sources */,
				56B85F801D33793500B5CF95 /* JFDatePicker.m in Sources */,
				560F55EE1D2FAB1D00A8AB15 /* XMLDictionary.m in Sources */,
			);
			runOnlyForDeploymentPostprocessing = 0;
		};
/* End PBXSourcesBuildPhase section */

/* Begin PBXVariantGroup section */
		568BE1151D2F4CCF0003DB3E /* Main.storyboard */ = {
			isa = PBXVariantGroup;
			children = (
				568BE1161D2F4CCF0003DB3E /* Base */,
			);
			name = Main.storyboard;
			sourceTree = "<group>";
		};
		568BE11A1D2F4CCF0003DB3E /* LaunchScreen.storyboard */ = {
			isa = PBXVariantGroup;
			children = (
				568BE11B1D2F4CCF0003DB3E /* Base */,
			);
			name = LaunchScreen.storyboard;
			sourceTree = "<group>";
		};
/* End PBXVariantGroup section */

/* Begin XCBuildConfiguration section */
		568BE11E1D2F4CCF0003DB3E /* Debug */ = {
			isa = XCBuildConfiguration;
			buildSettings = {
				ALWAYS_SEARCH_USER_PATHS = NO;
				CLANG_ANALYZER_NONNULL = YES;
				CLANG_CXX_LANGUAGE_STANDARD = "gnu++0x";
				CLANG_CXX_LIBRARY = "libc++";
				CLANG_ENABLE_MODULES = YES;
				CLANG_ENABLE_OBJC_ARC = YES;
				CLANG_WARN_BOOL_CONVERSION = YES;
				CLANG_WARN_CONSTANT_CONVERSION = YES;
				CLANG_WARN_DIRECT_OBJC_ISA_USAGE = YES_ERROR;
				CLANG_WARN_EMPTY_BODY = YES;
				CLANG_WARN_ENUM_CONVERSION = YES;
				CLANG_WARN_INT_CONVERSION = YES;
				CLANG_WARN_OBJC_ROOT_CLASS = YES_ERROR;
				CLANG_WARN_UNREACHABLE_CODE = YES;
				CLANG_WARN__DUPLICATE_METHOD_MATCH = YES;
				"CODE_SIGN_IDENTITY[sdk=iphoneos*]" = "iPhone Developer";
				COPY_PHASE_STRIP = NO;
				DEBUG_INFORMATION_FORMAT = dwarf;
				ENABLE_STRICT_OBJC_MSGSEND = YES;
				ENABLE_TESTABILITY = YES;
				GCC_C_LANGUAGE_STANDARD = gnu99;
				GCC_DYNAMIC_NO_PIC = NO;
				GCC_NO_COMMON_BLOCKS = YES;
				GCC_OPTIMIZATION_LEVEL = 0;
				GCC_PREPROCESSOR_DEFINITIONS = (
					"DEBUG=1",
					"$(inherited)",
				);
				GCC_WARN_64_TO_32_BIT_CONVERSION = YES;
				GCC_WARN_ABOUT_RETURN_TYPE = YES_ERROR;
				GCC_WARN_UNDECLARED_SELECTOR = YES;
				GCC_WARN_UNINITIALIZED_AUTOS = YES_AGGRESSIVE;
				GCC_WARN_UNUSED_FUNCTION = YES;
				GCC_WARN_UNUSED_VARIABLE = YES;
				IPHONEOS_DEPLOYMENT_TARGET = 9.3;
				MTL_ENABLE_DEBUG_INFO = YES;
				ONLY_ACTIVE_ARCH = YES;
				SDKROOT = iphoneos;
				TARGETED_DEVICE_FAMILY = "1,2";
			};
			name = Debug;
		};
		568BE11F1D2F4CCF0003DB3E /* Release */ = {
			isa = XCBuildConfiguration;
			buildSettings = {
				ALWAYS_SEARCH_USER_PATHS = NO;
				CLANG_ANALYZER_NONNULL = YES;
				CLANG_CXX_LANGUAGE_STANDARD = "gnu++0x";
				CLANG_CXX_LIBRARY = "libc++";
				CLANG_ENABLE_MODULES = YES;
				CLANG_ENABLE_OBJC_ARC = YES;
				CLANG_WARN_BOOL_CONVERSION = YES;
				CLANG_WARN_CONSTANT_CONVERSION = YES;
				CLANG_WARN_DIRECT_OBJC_ISA_USAGE = YES_ERROR;
				CLANG_WARN_EMPTY_BODY = YES;
				CLANG_WARN_ENUM_CONVERSION = YES;
				CLANG_WARN_INT_CONVERSION = YES;
				CLANG_WARN_OBJC_ROOT_CLASS = YES_ERROR;
				CLANG_WARN_UNREACHABLE_CODE = YES;
				CLANG_WARN__DUPLICATE_METHOD_MATCH = YES;
				"CODE_SIGN_IDENTITY[sdk=iphoneos*]" = "iPhone Developer";
				COPY_PHASE_STRIP = NO;
				DEBUG_INFORMATION_FORMAT = "dwarf-with-dsym";
				ENABLE_NS_ASSERTIONS = NO;
				ENABLE_STRICT_OBJC_MSGSEND = YES;
				GCC_C_LANGUAGE_STANDARD = gnu99;
				GCC_NO_COMMON_BLOCKS = YES;
				GCC_WARN_64_TO_32_BIT_CONVERSION = YES;
				GCC_WARN_ABOUT_RETURN_TYPE = YES_ERROR;
				GCC_WARN_UNDECLARED_SELECTOR = YES;
				GCC_WARN_UNINITIALIZED_AUTOS = YES_AGGRESSIVE;
				GCC_WARN_UNUSED_FUNCTION = YES;
				GCC_WARN_UNUSED_VARIABLE = YES;
				IPHONEOS_DEPLOYMENT_TARGET = 9.3;
				MTL_ENABLE_DEBUG_INFO = NO;
				SDKROOT = iphoneos;
				TARGETED_DEVICE_FAMILY = "1,2";
				VALIDATE_PRODUCT = YES;
			};
			name = Release;
		};
		568BE1211D2F4CCF0003DB3E /* Debug */ = {
			isa = XCBuildConfiguration;
			buildSettings = {
				ASSETCATALOG_COMPILER_APPICON_NAME = AppIcon;
				INFOPLIST_FILE = JFAreaPicker/Info.plist;
				LD_RUNPATH_SEARCH_PATHS = "$(inherited) @executable_path/Frameworks";
				PRODUCT_BUNDLE_IDENTIFIER = com.bobcare.JFAreaPicker;
				PRODUCT_NAME = "$(TARGET_NAME)";
			};
			name = Debug;
		};
		568BE1221D2F4CCF0003DB3E /* Release */ = {
			isa = XCBuildConfiguration;
			buildSettings = {
				ASSETCATALOG_COMPILER_APPICON_NAME = AppIcon;
				INFOPLIST_FILE = JFAreaPicker/Info.plist;
				LD_RUNPATH_SEARCH_PATHS = "$(inherited) @executable_path/Frameworks";
				PRODUCT_BUNDLE_IDENTIFIER = com.bobcare.JFAreaPicker;
				PRODUCT_NAME = "$(TARGET_NAME)";
			};
			name = Release;
		};
/* End XCBuildConfiguration section */

/* Begin XCConfigurationList section */
		568BE1041D2F4CCF0003DB3E /* Build configuration list for PBXProject "JFAreaPicker" */ = {
			isa = XCConfigurationList;
			buildConfigurations = (
				568BE11E1D2F4CCF0003DB3E /* Debug */,
				568BE11F1D2F4CCF0003DB3E /* Release */,
			);
			defaultConfigurationIsVisible = 0;
			defaultConfigurationName = Release;
		};
		568BE1201D2F4CCF0003DB3E /* Build configuration list for PBXNativeTarget "JFAreaPicker" */ = {
			isa = XCConfigurationList;
			buildConfigurations = (
				568BE1211D2F4CCF0003DB3E /* Debug */,
				568BE1221D2F4CCF0003DB3E /* Release */,
			);
			defaultConfigurationIsVisible = 0;
			defaultConfigurationName = Release;
		};
/* End XCConfigurationList section */
	};
	rootObject = 568BE1011D2F4CCF0003DB3E /* Project object */;
}
